<?xml version="1.0" encoding="utf-8"?>
<Project ToolsVersion="4.0" xmlns="http://schemas.microsoft.com/developer/msbuild/2003">
  <ItemGroup>
    <Filter Include="Source Files">
      <UniqueIdentifier>{4FC737F1-C7A5-4376-A066-2A32D752A2FF}</UniqueIdentifier>
      <Extensions>cpp;c;cc;cxx;def;odl;idl;hpj;bat;asm;asmx</Extensions>
    </Filter>
    <Filter Include="Header Files">
      <UniqueIdentifier>{93995380-89BD-4b04-88EB-625FBE52EBFB}</UniqueIdentifier>
      <Extensions>h;hh;hpp;hxx;hm;inl;inc;xsd</Extensions>
    </Filter>
    <Filter Include="Resource Files">
      <UniqueIdentifier>{67DA6AB6-F800-4c08-8B7A-83BB121AAD01}</UniqueIdentifier>
      <Extensions>rc;ico;cur;bmp;dlg;rc2;rct;bin;rgs;gif;jpg;jpeg;jpe;resx;tiff;tif;png;wav</Extensions>
    </Filter>
  </ItemGroup>
  <ItemGroup>
    <ClCompile Include="source\components\ComponentBuilder.cpp">
      <Filter>Source Files</Filter>
    </ClCompile>
    <ClCompile Include="source\components\Component_Base.cpp">
      <Filter>Source Files</Filter>
    </ClCompile>
    <ClCompile Include="source\components\weapons\Weapon_Base.cpp">
      <Filter>Source Files</Filter>
    </ClCompile>
    <ClCompile Include="source\economy\manufacturers\Manufacturer_Base.cpp">
      <Filter>Source Files</Filter>
    </ClCompile>
    <ClCompile Include="source\engine\client\Game.cpp">
      <Filter>Source Files</Filter>
    </ClCompile>
    <ClCompile Include="source\engine\client\main_test.cpp">
      <Filter>Source Files</Filter>
    </ClCompile>
    <ClCompile Include="source\engine\io\Asset_IO.cpp">
      <Filter>Source Files</Filter>
    </ClCompile>
    <ClCompile Include="source\engine\utility\GenMeth.cpp">
      <Filter>Source Files</Filter>
    </ClCompile>
    <ClCompile Include="source\engine\utility\tinydir\samples\cpp_sample.cpp">
      <Filter>Source Files</Filter>
    </ClCompile>
    <ClCompile Include="source\engine\utility\tinydir\samples\file_open_sample.c">
      <Filter>Source Files</Filter>
    </ClCompile>
    <ClCompile Include="source\engine\utility\tinydir\samples\interactive_sample.c">
      <Filter>Source Files</Filter>
    </ClCompile>
    <ClCompile Include="source\engine\utility\tinydir\samples\iterate_sample.c">
      <Filter>Source Files</Filter>
    </ClCompile>
    <ClCompile Include="source\engine\utility\tinydir\samples\list_to_file.c">
      <Filter>Source Files</Filter>
    </ClCompile>
    <ClCompile Include="source\engine\utility\tinydir\samples\random_access_sample.c">
      <Filter>Source Files</Filter>
    </ClCompile>
    <ClCompile Include="source\engine\utility\tinydir\tests\file_open_test.c">
      <Filter>Source Files</Filter>
    </ClCompile>
    <ClCompile Include="source\engine\utility\tinydir\tests\util.c">
      <Filter>Source Files</Filter>
    </ClCompile>
    <ClCompile Include="source\engine\utility\tinydir\tests\windows_unicode_test.c">
      <Filter>Source Files</Filter>
    </ClCompile>
    <ClCompile Include="source\engine\utility\tinydir\tests\cbehave\cbehave.c">
      <Filter>Source Files</Filter>
    </ClCompile>
    <ClCompile Include="source\ships\ShipBuilder.cpp">
      <Filter>Source Files</Filter>
    </ClCompile>
    <ClCompile Include="source\ships\Ship_Base.cpp">
      <Filter>Source Files</Filter>
    </ClCompile>
    <ClCompile Include="source\ships\Ship_Class_Base.cpp">
      <Filter>Source Files</Filter>
    </ClCompile>
  </ItemGroup>
  <ItemGroup>
    <ClInclude Include="headers\Asset_IO.h">
      <Filter>Header Files</Filter>
    </ClInclude>
    <ClInclude Include="headers\ComponentBuilder.h">
      <Filter>Header Files</Filter>
    </ClInclude>
    <ClInclude Include="headers\Component_Base.h">
      <Filter>Header Files</Filter>
    </ClInclude>
    <ClInclude Include="headers\Game.h">
      <Filter>Header Files</Filter>
    </ClInclude>
    <ClInclude Include="headers\Manufacturer_Base.h">
      <Filter>Header Files</Filter>
    </ClInclude>
    <ClInclude Include="headers\ShipBuilder.h">
      <Filter>Header Files</Filter>
    </ClInclude>
    <ClInclude Include="headers\Ship_Base.h">
      <Filter>Header Files</Filter>
    </ClInclude>
    <ClInclude Include="headers\Ship_Class_Base.h">
      <Filter>Header Files</Filter>
    </ClInclude>
    <ClInclude Include="headers\Turret.h">
      <Filter>Header Files</Filter>
    </ClInclude>
    <ClInclude Include="headers\Weapon_Base.h">
      <Filter>Header Files</Filter>
    </ClInclude>
    <ClInclude Include="source\engine\utility\tinydir\tinydir.h">
      <Filter>Header Files</Filter>
    </ClInclude>
    <ClInclude Include="source\engine\utility\tinydir\tests\util.h">
      <Filter>Header Files</Filter>
    </ClInclude>
    <ClInclude Include="source\engine\utility\tinydir\tests\cbehave\apr_ring.h">
      <Filter>Header Files</Filter>
    </ClInclude>
    <ClInclude Include="source\engine\utility\tinydir\tests\cbehave\cbehave.h">
      <Filter>Header Files</Filter>
    </ClInclude>
    <ClInclude Include="source\engine\utility\tinydir\tests\cbehave\rlutil\rlutil.h">
      <Filter>Header Files</Filter>
    </ClInclude>
  </ItemGroup>
</Project>